// !$*UTF8*$!
{
	archiveVersion = 1;
	classes = {
	};
	objectVersion = 48;
	objects = {

/* Begin PBXBuildFile section */
		430BECD720589B1D00ADF817 /* AppDelegate.swift in Sources */ = {isa = PBXBuildFile; fileRef = 430BECD620589B1D00ADF817 /* AppDelegate.swift */; };
		430BECD920589B1D00ADF817 /* ViewController.swift in Sources */ = {isa = PBXBuildFile; fileRef = 430BECD820589B1D00ADF817 /* ViewController.swift */; };
		430BECDC20589B1D00ADF817 /* Main.storyboard in Resources */ = {isa = PBXBuildFile; fileRef = 430BECDA20589B1D00ADF817 /* Main.storyboard */; };
		430BECDF20589B1D00ADF817 /* Shower_Scheduler.xcdatamodeld in Sources */ = {isa = PBXBuildFile; fileRef = 430BECDD20589B1D00ADF817 /* Shower_Scheduler.xcdatamodeld */; };
		430BECE120589B1D00ADF817 /* Assets.xcassets in Resources */ = {isa = PBXBuildFile; fileRef = 430BECE020589B1D00ADF817 /* Assets.xcassets */; };
		430BECE420589B1D00ADF817 /* LaunchScreen.storyboard in Resources */ = {isa = PBXBuildFile; fileRef = 430BECE220589B1D00ADF817 /* LaunchScreen.storyboard */; };
		43B4E2882059F1820012FF87 /* GoogleService-Info.plist in Resources */ = {isa = PBXBuildFile; fileRef = 43B4E2872059F1820012FF87 /* GoogleService-Info.plist */; };
		59AA582A293842E5F6BB6F80 /* Pods_Shower_Scheduler.framework in Frameworks */ = {isa = PBXBuildFile; fileRef = AE52C7A4DED560E7B5752370 /* Pods_Shower_Scheduler.framework */; };
/* End PBXBuildFile section */

/* Begin PBXFileReference section */
		430BECD320589B1D00ADF817 /* Shower Scheduler.app */ = {isa = PBXFileReference; explicitFileType = wrapper.application; includeInIndex = 0; path = "Shower Scheduler.app"; sourceTree = BUILT_PRODUCTS_DIR; };
		430BECD620589B1D00ADF817 /* AppDelegate.swift */ = {isa = PBXFileReference; lastKnownFileType = sourcecode.swift; path = AppDelegate.swift; sourceTree = "<group>"; };
		430BECD820589B1D00ADF817 /* ViewController.swift */ = {isa = PBXFileReference; lastKnownFileType = sourcecode.swift; path = ViewController.swift; sourceTree = "<group>"; };
		430BECDB20589B1D00ADF817 /* Base */ = {isa = PBXFileReference; lastKnownFileType = file.storyboard; name = Base; path = Base.lproj/Main.storyboard; sourceTree = "<group>"; };
		430BECDE20589B1D00ADF817 /* Shower_Scheduler.xcdatamodel */ = {isa = PBXFileReference; lastKnownFileType = wrapper.xcdatamodel; path = Shower_Scheduler.xcdatamodel; sourceTree = "<group>"; };
		430BECE020589B1D00ADF817 /* Assets.xcassets */ = {isa = PBXFileReference; lastKnownFileType = folder.assetcatalog; path = Assets.xcassets; sourceTree = "<group>"; };
		430BECE320589B1D00ADF817 /* Base */ = {isa = PBXFileReference; lastKnownFileType = file.storyboard; name = Base; path = Base.lproj/LaunchScreen.storyboard; sourceTree = "<group>"; };
		430BECE520589B1D00ADF817 /* Info.plist */ = {isa = PBXFileReference; lastKnownFileType = text.plist.xml; path = Info.plist; sourceTree = "<group>"; };
		43B4E2872059F1820012FF87 /* GoogleService-Info.plist */ = {isa = PBXFileReference; fileEncoding = 4; lastKnownFileType = text.plist.xml; path = "GoogleService-Info.plist"; sourceTree = "<group>"; };
		6C70C21B91BCA9C4A882BF83 /* Pods-Shower Scheduler.debug.xcconfig */ = {isa = PBXFileReference; includeInIndex = 1; lastKnownFileType = text.xcconfig; name = "Pods-Shower Scheduler.debug.xcconfig"; path = "Pods/Target Support Files/Pods-Shower Scheduler/Pods-Shower Scheduler.debug.xcconfig"; sourceTree = "<group>"; };
		6F013CA320252BE63716BE77 /* Pods-Shower Scheduler.release.xcconfig */ = {isa = PBXFileReference; includeInIndex = 1; lastKnownFileType = text.xcconfig; name = "Pods-Shower Scheduler.release.xcconfig"; path = "Pods/Target Support Files/Pods-Shower Scheduler/Pods-Shower Scheduler.release.xcconfig"; sourceTree = "<group>"; };
		AE52C7A4DED560E7B5752370 /* Pods_Shower_Scheduler.framework */ = {isa = PBXFileReference; explicitFileType = wrapper.framework; includeInIndex = 0; path = Pods_Shower_Scheduler.framework; sourceTree = BUILT_PRODUCTS_DIR; };
/* End PBXFileReference section */

/* Begin PBXFrameworksBuildPhase section */
		430BECD020589B1D00ADF817 /* Frameworks */ = {
			isa = PBXFrameworksBuildPhase;
			buildActionMask = 2147483647;
			files = (
				59AA582A293842E5F6BB6F80 /* Pods_Shower_Scheduler.framework in Frameworks */,
			);
			runOnlyForDeploymentPostprocessing = 0;
		};
/* End PBXFrameworksBuildPhase section */

/* Begin PBXGroup section */
		430BECCA20589B1D00ADF817 = {
			isa = PBXGroup;
			children = (
				430BECD520589B1D00ADF817 /* Shower Scheduler */,
				430BECD420589B1D00ADF817 /* Products */,
				4D0E0B25C8A24F5637F39A2D /* Pods */,
				81E2BEA5756DF07D6B9B3549 /* Frameworks */,
			);
			sourceTree = "<group>";
		};
		430BECD420589B1D00ADF817 /* Products */ = {
			isa = PBXGroup;
			children = (
				430BECD320589B1D00ADF817 /* Shower Scheduler.app */,
			);
			name = Products;
			sourceTree = "<group>";
		};
		430BECD520589B1D00ADF817 /* Shower Scheduler */ = {
			isa = PBXGroup;
			children = (
				430BECD620589B1D00ADF817 /* AppDelegate.swift */,
				430BECD820589B1D00ADF817 /* ViewController.swift */,
				430BECDA20589B1D00ADF817 /* Main.storyboard */,
				430BECE020589B1D00ADF817 /* Assets.xcassets */,
				430BECE220589B1D00ADF817 /* LaunchScreen.storyboard */,
				430BECE520589B1D00ADF817 /* Info.plist */,
				43B4E2872059F1820012FF87 /* GoogleService-Info.plist */,
				430BECDD20589B1D00ADF817 /* Shower_Scheduler.xcdatamodeld */,
			);
			path = "Shower Scheduler";
			sourceTree = "<group>";
		};
		4D0E0B25C8A24F5637F39A2D /* Pods */ = {
			isa = PBXGroup;
			children = (
				6C70C21B91BCA9C4A882BF83 /* Pods-Shower Scheduler.debug.xcconfig */,
				6F013CA320252BE63716BE77 /* Pods-Shower Scheduler.release.xcconfig */,
			);
			name = Pods;
			sourceTree = "<group>";
		};
		81E2BEA5756DF07D6B9B3549 /* Frameworks */ = {
			isa = PBXGroup;
			children = (
				AE52C7A4DED560E7B5752370 /* Pods_Shower_Scheduler.framework */,
			);
			name = Frameworks;
			sourceTree = "<group>";
		};
/* End PBXGroup section */

/* Begin PBXNativeTarget section */
		430BECD220589B1D00ADF817 /* Shower Scheduler */ = {
			isa = PBXNativeTarget;
			buildConfigurationList = 430BECE820589B1D00ADF817 /* Build configuration list for PBXNativeTarget "Shower Scheduler" */;
			buildPhases = (
				7634AA5F90A9B1E58468D8C2 /* [CP] Check Pods Manifest.lock */,
				430BECCF20589B1D00ADF817 /* Sources */,
				430BECD020589B1D00ADF817 /* Frameworks */,
				430BECD120589B1D00ADF817 /* Resources */,
				F6689FAED25B2772AF6482C4 /* [CP] Embed Pods Frameworks */,
				A40CA776D7378561BFABA64B /* [CP] Copy Pods Resources */,
			);
			buildRules = (
			);
			dependencies = (
			);
			name = "Shower Scheduler";
			productName = "Shower Scheduler";
			productReference = 430BECD320589B1D00ADF817 /* Shower Scheduler.app */;
			productType = "com.apple.product-type.application";
		};
/* End PBXNativeTarget section */

/* Begin PBXProject section */
		430BECCB20589B1D00ADF817 /* Project object */ = {
			isa = PBXProject;
			attributes = {
				LastSwiftUpdateCheck = 0920;
				LastUpgradeCheck = 0920;
				ORGANIZATIONNAME = "Austin Adams";
				TargetAttributes = {
					430BECD220589B1D00ADF817 = {
						CreatedOnToolsVersion = 9.2;
						ProvisioningStyle = Automatic;
					};
				};
			};
			buildConfigurationList = 430BECCE20589B1D00ADF817 /* Build configuration list for PBXProject "Shower Scheduler" */;
			compatibilityVersion = "Xcode 8.0";
			developmentRegion = en;
			hasScannedForEncodings = 0;
			knownRegions = (
				en,
				Base,
			);
			mainGroup = 430BECCA20589B1D00ADF817;
			productRefGroup = 430BECD420589B1D00ADF817 /* Products */;
			projectDirPath = "";
			projectRoot = "";
			targets = (
				430BECD220589B1D00ADF817 /* Shower Scheduler */,
			);
		};
/* End PBXProject section */

/* Begin PBXResourcesBuildPhase section */
		430BECD120589B1D00ADF817 /* Resources */ = {
			isa = PBXResourcesBuildPhase;
			buildActionMask = 2147483647;
			files = (
				43B4E2882059F1820012FF87 /* GoogleService-Info.plist in Resources */,
				430BECE420589B1D00ADF817 /* LaunchScreen.storyboard in Resources */,
				430BECE120589B1D00ADF817 /* Assets.xcassets in Resources */,
				430BECDC20589B1D00ADF817 /* Main.storyboard in Resources */,
			);
			runOnlyForDeploymentPostprocessing = 0;
		};
/* End PBXResourcesBuildPhase section */

/* Begin PBXShellScriptBuildPhase section */
		7634AA5F90A9B1E58468D8C2 /* [CP] Check Pods Manifest.lock */ = {
			isa = PBXShellScriptBuildPhase;
			buildActionMask = 2147483647;
			files = (
			);
			inputPaths = (
				"${PODS_PODFILE_DIR_PATH}/Podfile.lock",
				"${PODS_ROOT}/Manifest.lock",
			);
			name = "[CP] Check Pods Manifest.lock";
			outputPaths = (
				"$(DERIVED_FILE_DIR)/Pods-Shower Scheduler-checkManifestLockResult.txt",
			);
			runOnlyForDeploymentPostprocessing = 0;
			shellPath = /bin/sh;
			shellScript = "diff \"${PODS_PODFILE_DIR_PATH}/Podfile.lock\" \"${PODS_ROOT}/Manifest.lock\" > /dev/null\nif [ $? != 0 ] ; then\n    # print error to STDERR\n    echo \"error: The sandbox is not in sync with the Podfile.lock. Run 'pod install' or update your CocoaPods installation.\" >&2\n    exit 1\nfi\n# This output is used by Xcode 'outputs' to avoid re-running this script phase.\necho \"SUCCESS\" > \"${SCRIPT_OUTPUT_FILE_0}\"\n";
			showEnvVarsInLog = 0;
		};
		A40CA776D7378561BFABA64B /* [CP] Copy Pods Resources */ = {
			isa = PBXShellScriptBuildPhase;
			buildActionMask = 2147483647;
			files = (
			);
			inputPaths = (
			);
			name = "[CP] Copy Pods Resources";
			outputPaths = (
			);
			runOnlyForDeploymentPostprocessing = 0;
			shellPath = /bin/sh;
			shellScript = "\"${SRCROOT}/Pods/Target Support Files/Pods-Shower Scheduler/Pods-Shower Scheduler-resources.sh\"\n";
			showEnvVarsInLog = 0;
		};
		F6689FAED25B2772AF6482C4 /* [CP] Embed Pods Frameworks */ = {
			isa = PBXShellScriptBuildPhase;
			buildActionMask = 2147483647;
			files = (
			);
			inputPaths = (
				"${SRCROOT}/Pods/Target Support Files/Pods-Shower Scheduler/Pods-Shower Scheduler-frameworks.sh",
				"${BUILT_PRODUCTS_DIR}/ChameleonFramework/ChameleonFramework.framework",
				"${BUILT_PRODUCTS_DIR}/GTMSessionFetcher/GTMSessionFetcher.framework",
				"${BUILT_PRODUCTS_DIR}/GoogleToolboxForMac/GoogleToolboxForMac.framework",
				"${BUILT_PRODUCTS_DIR}/leveldb-library/leveldb.framework",
				"${BUILT_PRODUCTS_DIR}/nanopb/nanopb.framework",
			);
			name = "[CP] Embed Pods Frameworks";
			outputPaths = (
				"${TARGET_BUILD_DIR}/${FRAMEWORKS_FOLDER_PATH}/ChameleonFramework.framework",
				"${TARGET_BUILD_DIR}/${FRAMEWORKS_FOLDER_PATH}/GTMSessionFetcher.framework",
				"${TARGET_BUILD_DIR}/${FRAMEWORKS_FOLDER_PATH}/GoogleToolboxForMac.framework",
				"${TARGET_BUILD_DIR}/${FRAMEWORKS_FOLDER_PATH}/leveldb.framework",
				"${TARGET_BUILD_DIR}/${FRAMEWORKS_FOLDER_PATH}/nanopb.framework",
			);
			runOnlyForDeploymentPostprocessing = 0;
			shellPath = /bin/sh;
			shellScript = "\"${SRCROOT}/Pods/Target Support Files/Pods-Shower Scheduler/Pods-Shower Scheduler-frameworks.sh\"\n";
			showEnvVarsInLog = 0;
		};
/* End PBXShellScriptBuildPhase section */

/* Begin PBXSourcesBuildPhase section */
		430BECCF20589B1D00ADF817 /* Sources */ = {
			isa = PBXSourcesBuildPhase;
			buildActionMask = 2147483647;
			files = (
				430BECDF20589B1D00ADF817 /* Shower_Scheduler.xcdatamodeld in Sources */,
				430BECD920589B1D00ADF817 /* ViewController.swift in Sources */,
				430BECD720589B1D00ADF817 /* AppDelegate.swift in Sources */,
			);
			runOnlyForDeploymentPostprocessing = 0;
		};
/* End PBXSourcesBuildPhase section */

/* Begin PBXVariantGroup section */
		430BECDA20589B1D00ADF817 /* Main.storyboard */ = {
			isa = PBXVariantGroup;
			children = (
				430BECDB20589B1D00ADF817 /* Base */,
			);
			name = Main.storyboard;
			sourceTree = "<group>";
		};
		430BECE220589B1D00ADF817 /* LaunchScreen.storyboard */ = {
			isa = PBXVariantGroup;
			children = (
				430BECE320589B1D00ADF817 /* Base */,
			);
			name = LaunchScreen.storyboard;
			sourceTree = "<group>";
		};
/* End PBXVariantGroup section */

/* Begin XCBuildConfiguration section */
		430BECE620589B1D00ADF817 /* Debug */ = {
			isa = XCBuildConfiguration;
			buildSettings = {
				ALWAYS_SEARCH_USER_PATHS = NO;
				CLANG_ANALYZER_NONNULL = YES;
				CLANG_ANALYZER_NUMBER_OBJECT_CONVERSION = YES_AGGRESSIVE;
				CLANG_CXX_LANGUAGE_STANDARD = "gnu++14";
				CLANG_CXX_LIBRARY = "libc++";
				CLANG_ENABLE_MODULES = YES;
				CLANG_ENABLE_OBJC_ARC = YES;
				CLANG_WARN_BLOCK_CAPTURE_AUTORELEASING = YES;
				CLANG_WARN_BOOL_CONVERSION = YES;
				CLANG_WARN_COMMA = YES;
				CLANG_WARN_CONSTANT_CONVERSION = YES;
				CLANG_WARN_DIRECT_OBJC_ISA_USAGE = YES_ERROR;
				CLANG_WARN_DOCUMENTATION_COMMENTS = YES;
				CLANG_WARN_EMPTY_BODY = YES;
				CLANG_WARN_ENUM_CONVERSION = YES;
				CLANG_WARN_INFINITE_RECURSION = YES;
				CLANG_WARN_INT_CONVERSION = YES;
				CLANG_WARN_NON_LITERAL_NULL_CONVERSION = YES;
				CLANG_WARN_OBJC_LITERAL_CONVERSION = YES;
				CLANG_WARN_OBJC_ROOT_CLASS = YES_ERROR;
				CLANG_WARN_RANGE_LOOP_ANALYSIS = YES;
				CLANG_WARN_STRICT_PROTOTYPES = YES;
				CLANG_WARN_SUSPICIOUS_MOVE = YES;
				CLANG_WARN_UNGUARDED_AVAILABILITY = YES_AGGRESSIVE;
				CLANG_WARN_UNREACHABLE_CODE = YES;
				CLANG_WARN__DUPLICATE_METHOD_MATCH = YES;
				CODE_SIGN_IDENTITY = "iPhone Developer";
				COPY_PHASE_STRIP = NO;
				DEBUG_INFORMATION_FORMAT = dwarf;
				ENABLE_STRICT_OBJC_MSGSEND = YES;
				ENABLE_TESTABILITY = YES;
				GCC_C_LANGUAGE_STANDARD = gnu11;
				GCC_DYNAMIC_NO_PIC = NO;
				GCC_NO_COMMON_BLOCKS = YES;
				GCC_OPTIMIZATION_LEVEL = 0;
				GCC_PREPROCESSOR_DEFINITIONS = (
					"DEBUG=1",
					"$(inherited)",
				);
				GCC_WARN_64_TO_32_BIT_CONVERSION = YES;
				GCC_WARN_ABOUT_RETURN_TYPE = YES_ERROR;
				GCC_WARN_UNDECLARED_SELECTOR = YES;
				GCC_WARN_UNINITIALIZED_AUTOS = YES_AGGRESSIVE;
				GCC_WARN_UNUSED_FUNCTION = YES;
				GCC_WARN_UNUSED_VARIABLE = YES;
				IPHONEOS_DEPLOYMENT_TARGET = 11.2;
				MTL_ENABLE_DEBUG_INFO = YES;
				ONLY_ACTIVE_ARCH = YES;
				SDKROOT = iphoneos;
				SWIFT_ACTIVE_COMPILATION_CONDITIONS = DEBUG;
				SWIFT_OPTIMIZATION_LEVEL = "-Onone";
			};
			name = Debug;
		};
		430BECE720589B1D00ADF817 /* Release */ = {
			isa = XCBuildConfiguration;
			buildSettings = {
				ALWAYS_SEARCH_USER_PATHS = NO;
				CLANG_ANALYZER_NONNULL = YES;
				CLANG_ANALYZER_NUMBER_OBJECT_CONVERSION = YES_AGGRESSIVE;
				CLANG_CXX_LANGUAGE_STANDARD = "gnu++14";
				CLANG_CXX_LIBRARY = "libc++";
				CLANG_ENABLE_MODULES = YES;
				CLANG_ENABLE_OBJC_ARC = YES;
				CLANG_WARN_BLOCK_CAPTURE_AUTORELEASING = YES;
				CLANG_WARN_BOOL_CONVERSION = YES;
				CLANG_WARN_COMMA = YES;
				CLANG_WARN_CONSTANT_CONVERSION = YES;
				CLANG_WARN_DIRECT_OBJC_ISA_USAGE = YES_ERROR;
				CLANG_WARN_DOCUMENTATION_COMMENTS = YES;
				CLANG_WARN_EMPTY_BODY = YES;
				CLANG_WARN_ENUM_CONVERSION = YES;
				CLANG_WARN_INFINITE_RECURSION = YES;
				CLANG_WARN_INT_CONVERSION = YES;
				CLANG_WARN_NON_LITERAL_NULL_CONVERSION = YES;
				CLANG_WARN_OBJC_LITERAL_CONVERSION = YES;
				CLANG_WARN_OBJC_ROOT_CLASS = YES_ERROR;
				CLANG_WARN_RANGE_LOOP_ANALYSIS = YES;
				CLANG_WARN_STRICT_PROTOTYPES = YES;
				CLANG_WARN_SUSPICIOUS_MOVE = YES;
				CLANG_WARN_UNGUARDED_AVAILABILITY = YES_AGGRESSIVE;
				CLANG_WARN_UNREACHABLE_CODE = YES;
				CLANG_WARN__DUPLICATE_METHOD_MATCH = YES;
				CODE_SIGN_IDENTITY = "iPhone Developer";
				COPY_PHASE_STRIP = NO;
				DEBUG_INFORMATION_FORMAT = "dwarf-with-dsym";
				ENABLE_NS_ASSERTIONS = NO;
				ENABLE_STRICT_OBJC_MSGSEND = YES;
				GCC_C_LANGUAGE_STANDARD = gnu11;
				GCC_NO_COMMON_BLOCKS = YES;
				GCC_WARN_64_TO_32_BIT_CONVERSION = YES;
				GCC_WARN_ABOUT_RETURN_TYPE = YES_ERROR;
				GCC_WARN_UNDECLARED_SELECTOR = YES;
				GCC_WARN_UNINITIALIZED_AUTOS = YES_AGGRESSIVE;
				GCC_WARN_UNUSED_FUNCTION = YES;
				GCC_WARN_UNUSED_VARIABLE = YES;
				IPHONEOS_DEPLOYMENT_TARGET = 11.2;
				MTL_ENABLE_DEBUG_INFO = NO;
				SDKROOT = iphoneos;
				SWIFT_OPTIMIZATION_LEVEL = "-Owholemodule";
				VALIDATE_PRODUCT = YES;
			};
			name = Release;
		};
		430BECE920589B1D00ADF817 /* Debug */ = {
			isa = XCBuildConfiguration;
			baseConfigurationReference = 6C70C21B91BCA9C4A882BF83 /* Pods-Shower Scheduler.debug.xcconfig */;
			buildSettings = {
				ASSETCATALOG_COMPILER_APPICON_NAME = AppIcon;
				CODE_SIGN_STYLE = Automatic;
				DEVELOPMENT_TEAM = E63ZPHBY2L;
				INFOPLIST_FILE = "Shower Scheduler/Info.plist";
				LD_RUNPATH_SEARCH_PATHS = "$(inherited) @executable_path/Frameworks";
				PRODUCT_BUNDLE_IDENTIFIER = "caustinwadams.Shower-Scheduler";
				PRODUCT_NAME = "$(TARGET_NAME)";
				SWIFT_VERSION = 4.0;
				TARGETED_DEVICE_FAMILY = "1,2";
			};
			name = Debug;
		};
		430BECEA20589B1D00ADF817 /* Release */ = {
			isa = XCBuildConfiguration;
			baseConfigurationReference = 6F013CA320252BE63716BE77 /* Pods-Shower Scheduler.release.xcconfig */;
			buildSettings = {
				ASSETCATALOG_COMPILER_APPICON_NAME = AppIcon;
				CODE_SIGN_STYLE = Automatic;
				DEVELOPMENT_TEAM = E63ZPHBY2L;
				INFOPLIST_FILE = "Shower Scheduler/Info.plist";
				LD_RUNPATH_SEARCH_PATHS = "$(inherited) @executable_path/Frameworks";
				PRODUCT_BUNDLE_IDENTIFIER = "caustinwadams.Shower-Scheduler";
				PRODUCT_NAME = "$(TARGET_NAME)";
				SWIFT_VERSION = 4.0;
				TARGETED_DEVICE_FAMILY = "1,2";
			};
			name = Release;
		};
/* End XCBuildConfiguration section */

/* Begin XCConfigurationList section */
		430BECCE20589B1D00ADF817 /* Build configuration list for PBXProject "Shower Scheduler" */ = {
			isa = XCConfigurationList;
			buildConfigurations = (
				430BECE620589B1D00ADF817 /* Debug */,
				430BECE720589B1D00ADF817 /* Release */,
			);
			defaultConfigurationIsVisible = 0;
			defaultConfigurationName = Release;
		};
		430BECE820589B1D00ADF817 /* Build configuration list for PBXNativeTarget "Shower Scheduler" */ = {
			isa = XCConfigurationList;
			buildConfigurations = (
				430BECE920589B1D00ADF817 /* Debug */,
				430BECEA20589B1D00ADF817 /* Release */,
			);
			defaultConfigurationIsVisible = 0;
			defaultConfigurationName = Release;
		};
/* End XCConfigurationList section */

/* Begin XCVersionGroup section */
		430BECDD20589B1D00ADF817 /* Shower_Scheduler.xcdatamodeld */ = {
			isa = XCVersionGroup;
			children = (
				430BECDE20589B1D00ADF817 /* Shower_Scheduler.xcdatamodel */,
			);
			currentVersion = 430BECDE20589B1D00ADF817 /* Shower_Scheduler.xcdatamodel */;
			path = Shower_Scheduler.xcdatamodeld;
			sourceTree = "<group>";
			versionGroupType = wrapper.xcdatamodel;
		};
/* End XCVersionGroup section */
	};
	rootObject = 430BECCB20589B1D00ADF817 /* Project object */;
}
